
Microsoft Visual Studio Solution File, Format Version 12.00
# Visual Studio Version 16
VisualStudioVersion = 16.0.29926.136
MinimumVisualStudioVersion = 10.0.40219.1
Project("{9A19103F-16F7-4668-BE54-9A1E7A4F7556}") = "MelonLanguage", "MelonLanguage\MelonLanguage.csproj", "{C2ED5659-2DDB-4302-90AE-F911CC029C6B}"
EndProject
Project("{FAE04EC0-301F-11D3-BF4B-00C04F79EFBC}") = "Melon.REPL", "MelonREPL\Melon.REPL.csproj", "{377BFB4D-A50E-46D5-A73F-D12127D6EF4F}"
EndProject
Global
	GlobalSection(SolutionConfigurationPlatforms) = preSolution
		Debug|Any CPU = Debug|Any CPU
		Release|Any CPU = Release|Any CPU
	EndGlobalSection
	GlobalSection(ProjectConfigurationPlatforms) = postSolution
		{C2ED5659-2DDB-4302-90AE-F911CC029C6B}.Debug|Any CPU.ActiveCfg = Debug|Any CPU
		{C2ED5659-2DDB-4302-90AE-F911CC029C6B}.Debug|Any CPU.Build.0 = Debug|Any CPU
		{C2ED5659-2DDB-4302-90AE-F911CC029C6B}.Release|Any CPU.ActiveCfg = Release|Any CPU
		{C2ED5659-2DDB-4302-90AE-F911CC029C6B}.Release|Any CPU.Build.0 = Release|Any CPU
		{377BFB4D-A50E-46D5-A73F-D12127D6EF4F}.Debug|Any CPU.ActiveCfg = Debug|Any CPU
		{377BFB4D-A50E-46D5-A73F-D12127D6EF4F}.Debug|Any CPU.Build.0 = Debug|Any CPU
		{377BFB4D-A50E-46D5-A73F-D12127D6EF4F}.Release|Any CPU.ActiveCfg = Release|Any CPU
		{377BFB4D-A50E-46D5-A73F-D12127D6EF4F}.Release|Any CPU.Build.0 = Release|Any CPU
	EndGlobalSection
	GlobalSection(SolutionProperties) = preSolution
		HideSolutionNode = FALSE
	EndGlobalSection
	GlobalSection(ExtensibilityGlobals) = postSolution
		SolutionGuid = {725B2765-5535-48C5-9CA2-33AC14FB3A41}
	EndGlobalSection
EndGlobal
